
Microsoft Visual Studio Solution File, Format Version 12.00
# Visual Studio Version 17
VisualStudioVersion = 17.11.35222.181
MinimumVisualStudioVersion = 10.0.40219.1
Project("{FAE04EC0-301F-11D3-BF4B-00C04F79EFBC}") = "UniqueNumbs", "UniqueNumbs\UniqueNumbs.csproj", "{AE89A05C-235F-44DC-B410-084BA9F28604}"
EndProject
Global
	GlobalSection(SolutionConfigurationPlatforms) = preSolution
		Debug|Any CPU = Debug|Any CPU
		Release|Any CPU = Release|Any CPU
	EndGlobalSection
	GlobalSection(ProjectConfigurationPlatforms) = postSolution
		{AE89A05C-235F-44DC-B410-084BA9F28604}.Debug|Any CPU.ActiveCfg = Debug|Any CPU
		{AE89A05C-235F-44DC-B410-084BA9F28604}.Debug|Any CPU.Build.0 = Debug|Any CPU
		{AE89A05C-235F-44DC-B410-084BA9F28604}.Release|Any CPU.ActiveCfg = Release|Any CPU
		{AE89A05C-235F-44DC-B410-084BA9F28604}.Release|Any CPU.Build.0 = Release|Any CPU
	EndGlobalSection
	GlobalSection(SolutionProperties) = preSolution
		HideSolutionNode = FALSE
	EndGlobalSection
	GlobalSection(ExtensibilityGlobals) = postSolution
		SolutionGuid = {057BEC7E-D880-4930-AB53-A25C83FB2490}
	EndGlobalSection
EndGlobal
